{
  "name": "run-noodle-action",
  "version": "0.1.0",
  "lockfileVersion": 3,
  "requires": true,
  "packages": {
    "": {
      "name": "run-noodle-action",
      "version": "0.1.0",
      "license": "MIT",
      "devDependencies": {
        "nanoodle": "0.1.1"
      },
      "engines": {
        "node": ">=20"
      }
    },
    "node_modules/nanoodle": {
      "version": "0.1.1",
      "resolved": "https://registry.npmjs.org/nanoodle/-/nanoodle-0.1.1.tgz",
      "integrity": "sha512-xwi2+y2a7fuHWUKtDhqvPqghN2rG/gZTqlKzlFV6baZ1MlPmgpAqpU/jjQynr7KcmYTF9MuBQtfmAykICBt9uA==",
      "dev": true,
      "license": "MIT",
      "bin": {
        "nanoodle": "bin/nanoodle.mjs"
      },
      "engines": {
        "node": ">=20"
      }
    }
  }
}
