{
  "name": "run-noodle-action",
  "version": "0.1.0",
  "lockfileVersion": 3,
  "requires": true,
  "packages": {
    "": {
      "name": "run-noodle-action",
      "version": "0.1.0",
      "license": "MIT",
      "devDependencies": {
        "nanoodle": "0.2.0"
      },
      "engines": {
        "node": ">=20"
      }
    },
    "node_modules/nanoodle": {
      "version": "0.2.0",
      "resolved": "https://registry.npmjs.org/nanoodle/-/nanoodle-0.2.0.tgz",
      "integrity": "sha512-Tba3op3EWM/yEegtqLk37roUyHT3fB/f/7SeiPFcZcLGaXUukXCgPClRn88lgpR/4vOv6jSxE+6OjDQgo5c3tQ==",
      "dev": true,
      "license": "MIT",
      "bin": {
        "nanoodle": "bin/nanoodle.mjs"
      },
      "engines": {
        "node": ">=20"
      }
    }
  }
}
